
Microsoft Visual Studio Solution File, Format Version 12.00
# Visual Studio Version 16
VisualStudioVersion = 16.0.32228.343
MinimumVisualStudioVersion = 10.0.40219.1
Project("{FAE04EC0-301F-11D3-BF4B-00C04F79EFBC}") = "InheritanceExample", "InheritanceExample\InheritanceExample.csproj", "{BCAF35D6-2861-49D4-9106-6097C835394C}"
EndProject
Global
	GlobalSection(SolutionConfigurationPlatforms) = preSolution
		Debug|Any CPU = Debug|Any CPU
		Release|Any CPU = Release|Any CPU
	EndGlobalSection
	GlobalSection(ProjectConfigurationPlatforms) = postSolution
		{BCAF35D6-2861-49D4-9106-6097C835394C}.Debug|Any CPU.ActiveCfg = Debug|Any CPU
		{BCAF35D6-2861-49D4-9106-6097C835394C}.Debug|Any CPU.Build.0 = Debug|Any CPU
		{BCAF35D6-2861-49D4-9106-6097C835394C}.Release|Any CPU.ActiveCfg = Release|Any CPU
		{BCAF35D6-2861-49D4-9106-6097C835394C}.Release|Any CPU.Build.0 = Release|Any CPU
	EndGlobalSection
	GlobalSection(SolutionProperties) = preSolution
		HideSolutionNode = FALSE
	EndGlobalSection
	GlobalSection(ExtensibilityGlobals) = postSolution
		SolutionGuid = {8E9F9A35-4B82-4C15-A466-1104E8CEC190}
	EndGlobalSection
EndGlobal
